
Microsoft Visual Studio Solution File, Format Version 12.00
# Visual Studio Version 16
VisualStudioVersion = 16.0.29326.143
MinimumVisualStudioVersion = 10.0.40219.1
Project("{2150E333-8FDC-42A3-9474-1A3956D46DE8}") = "src", "src", "{D1F77FAC-DF66-4E91-8CB5-D848EC78D889}"
EndProject
Project("{9A19103F-16F7-4668-BE54-9A1E7A4F7556}") = "Janono.Functions.OpenAPI", "src\Janono.Functions.OpenAPI\Janono.Functions.OpenAPI.csproj", "{27120512-1E90-4459-A230-D7923EED80BA}"
EndProject
Project("{9A19103F-16F7-4668-BE54-9A1E7A4F7556}") = "Janono.Functions.OpenAPI.Sample.FunctionAppV1", "samples\Janono.Functions.OpenAPI.Sample.FunctionAppV1\Janono.Functions.OpenAPI.Sample.FunctionAppV1.csproj", "{FE408950-9A1C-4E39-8D03-2AF74B7804EA}"
EndProject
Project("{2150E333-8FDC-42A3-9474-1A3956D46DE8}") = "samples", "samples", "{B65110F2-458F-474A-92DA-5F416B0815B0}"
EndProject
Project("{9A19103F-16F7-4668-BE54-9A1E7A4F7556}") = "Janono.Functions.OpenAPI.Sample.FunctionAppCalculatorV1", "samples\Janono.Functions.OpenAPI.Sample.FunctionAppCalculatorV1\Janono.Functions.OpenAPI.Sample.FunctionAppCalculatorV1.csproj", "{8696F378-AF80-4F51-AB67-26C988937B2B}"
EndProject
Global
	GlobalSection(SolutionConfigurationPlatforms) = preSolution
		Debug|Any CPU = Debug|Any CPU
		Release|Any CPU = Release|Any CPU
	EndGlobalSection
	GlobalSection(ProjectConfigurationPlatforms) = postSolution
		{27120512-1E90-4459-A230-D7923EED80BA}.Debug|Any CPU.ActiveCfg = Debug|Any CPU
		{27120512-1E90-4459-A230-D7923EED80BA}.Debug|Any CPU.Build.0 = Debug|Any CPU
		{27120512-1E90-4459-A230-D7923EED80BA}.Release|Any CPU.ActiveCfg = Release|Any CPU
		{27120512-1E90-4459-A230-D7923EED80BA}.Release|Any CPU.Build.0 = Release|Any CPU
		{FE408950-9A1C-4E39-8D03-2AF74B7804EA}.Debug|Any CPU.ActiveCfg = Debug|Any CPU
		{FE408950-9A1C-4E39-8D03-2AF74B7804EA}.Debug|Any CPU.Build.0 = Debug|Any CPU
		{FE408950-9A1C-4E39-8D03-2AF74B7804EA}.Release|Any CPU.ActiveCfg = Release|Any CPU
		{FE408950-9A1C-4E39-8D03-2AF74B7804EA}.Release|Any CPU.Build.0 = Release|Any CPU
		{8696F378-AF80-4F51-AB67-26C988937B2B}.Debug|Any CPU.ActiveCfg = Debug|Any CPU
		{8696F378-AF80-4F51-AB67-26C988937B2B}.Debug|Any CPU.Build.0 = Debug|Any CPU
		{8696F378-AF80-4F51-AB67-26C988937B2B}.Release|Any CPU.ActiveCfg = Release|Any CPU
		{8696F378-AF80-4F51-AB67-26C988937B2B}.Release|Any CPU.Build.0 = Release|Any CPU
	EndGlobalSection
	GlobalSection(SolutionProperties) = preSolution
		HideSolutionNode = FALSE
	EndGlobalSection
	GlobalSection(NestedProjects) = preSolution
		{27120512-1E90-4459-A230-D7923EED80BA} = {D1F77FAC-DF66-4E91-8CB5-D848EC78D889}
		{FE408950-9A1C-4E39-8D03-2AF74B7804EA} = {B65110F2-458F-474A-92DA-5F416B0815B0}
		{8696F378-AF80-4F51-AB67-26C988937B2B} = {B65110F2-458F-474A-92DA-5F416B0815B0}
	EndGlobalSection
	GlobalSection(ExtensibilityGlobals) = postSolution
		SolutionGuid = {58F6696F-F338-4244-AB74-F594BF2E096A}
	EndGlobalSection
EndGlobal
