
Microsoft Visual Studio Solution File, Format Version 12.00
# Visual Studio 15
VisualStudioVersion = 15.0.28010.2041
MinimumVisualStudioVersion = 10.0.40219.1
Project("{2150E333-8FDC-42A3-9474-1A3956D46DE8}") = "src", "src", "{D1F77FAC-DF66-4E91-8CB5-D848EC78D889}"
EndProject
Project("{9A19103F-16F7-4668-BE54-9A1E7A4F7556}") = "Janono.Functions.OpenAPI", "src\Janono.Functions.OpenAPI\Janono.Functions.OpenAPI.csproj", "{27120512-1E90-4459-A230-D7923EED80BA}"
EndProject
Global
	GlobalSection(SolutionConfigurationPlatforms) = preSolution
		Debug|Any CPU = Debug|Any CPU
		Release|Any CPU = Release|Any CPU
	EndGlobalSection
	GlobalSection(ProjectConfigurationPlatforms) = postSolution
		{27120512-1E90-4459-A230-D7923EED80BA}.Debug|Any CPU.ActiveCfg = Debug|Any CPU
		{27120512-1E90-4459-A230-D7923EED80BA}.Debug|Any CPU.Build.0 = Debug|Any CPU
		{27120512-1E90-4459-A230-D7923EED80BA}.Release|Any CPU.ActiveCfg = Release|Any CPU
		{27120512-1E90-4459-A230-D7923EED80BA}.Release|Any CPU.Build.0 = Release|Any CPU
	EndGlobalSection
	GlobalSection(SolutionProperties) = preSolution
		HideSolutionNode = FALSE
	EndGlobalSection
	GlobalSection(NestedProjects) = preSolution
		{27120512-1E90-4459-A230-D7923EED80BA} = {D1F77FAC-DF66-4E91-8CB5-D848EC78D889}
	EndGlobalSection
	GlobalSection(ExtensibilityGlobals) = postSolution
		SolutionGuid = {58F6696F-F338-4244-AB74-F594BF2E096A}
	EndGlobalSection
EndGlobal
